
Microsoft Visual Studio Solution File, Format Version 12.00
# Visual Studio Version 17
VisualStudioVersion = 17.6.33815.320
MinimumVisualStudioVersion = 10.0.40219.1
Project("{888888A0-9F3D-457C-B088-3A5042F75D52}") = "AcessingComputers", "AcessingComputers\AcessingComputers.pyproj", "{405EE48D-E416-4EE0-816F-3BF7159C66D6}"
EndProject
Global
	GlobalSection(SolutionConfigurationPlatforms) = preSolution
		Debug|Any CPU = Debug|Any CPU
		Release|Any CPU = Release|Any CPU
	EndGlobalSection
	GlobalSection(ProjectConfigurationPlatforms) = postSolution
		{405EE48D-E416-4EE0-816F-3BF7159C66D6}.Debug|Any CPU.ActiveCfg = Debug|Any CPU
		{405EE48D-E416-4EE0-816F-3BF7159C66D6}.Release|Any CPU.ActiveCfg = Release|Any CPU
	EndGlobalSection
	GlobalSection(SolutionProperties) = preSolution
		HideSolutionNode = FALSE
	EndGlobalSection
	GlobalSection(ExtensibilityGlobals) = postSolution
		SolutionGuid = {870824FD-47BE-4AAA-B7B4-7F260C5A086E}
	EndGlobalSection
EndGlobal
